
Microsoft Visual Studio Solution File, Format Version 12.00
# Visual Studio 15
VisualStudioVersion = 15.0.26124.0
MinimumVisualStudioVersion = 15.0.26124.0
Project("{2150E333-8FDC-42A3-9474-1A3956D46DE8}") = "src", "src", "{6617A2EE-E829-4DE9-A6C2-1E93A25BA61F}"
EndProject
Project("{FAE04EC0-301F-11D3-BF4B-00C04F79EFBC}") = "SatelliteApi", "src\SatelliteApi\SatelliteApi.csproj", "{8E9C064A-F857-4022-845D-21CA19220A5B}"
EndProject
Project("{2150E333-8FDC-42A3-9474-1A3956D46DE8}") = "test", "test", "{569DEAD8-4A3E-4535-8672-FAAE3A70152B}"
EndProject
Project("{FAE04EC0-301F-11D3-BF4B-00C04F79EFBC}") = "SatelliteApi.Tests", "test\SatelliteApi.Tests\SatelliteApi.Tests.csproj", "{0037F238-C930-48F4-9A05-0977F185D863}"
EndProject
Global
	GlobalSection(SolutionConfigurationPlatforms) = preSolution
		Debug|Any CPU = Debug|Any CPU
		Debug|x64 = Debug|x64
		Debug|x86 = Debug|x86
		Release|Any CPU = Release|Any CPU
		Release|x64 = Release|x64
		Release|x86 = Release|x86
	EndGlobalSection
	GlobalSection(SolutionProperties) = preSolution
		HideSolutionNode = FALSE
	EndGlobalSection
	GlobalSection(ProjectConfigurationPlatforms) = postSolution
		{8E9C064A-F857-4022-845D-21CA19220A5B}.Debug|Any CPU.ActiveCfg = Debug|Any CPU
		{8E9C064A-F857-4022-845D-21CA19220A5B}.Debug|Any CPU.Build.0 = Debug|Any CPU
		{8E9C064A-F857-4022-845D-21CA19220A5B}.Debug|x64.ActiveCfg = Debug|Any CPU
		{8E9C064A-F857-4022-845D-21CA19220A5B}.Debug|x64.Build.0 = Debug|Any CPU
		{8E9C064A-F857-4022-845D-21CA19220A5B}.Debug|x86.ActiveCfg = Debug|Any CPU
		{8E9C064A-F857-4022-845D-21CA19220A5B}.Debug|x86.Build.0 = Debug|Any CPU
		{8E9C064A-F857-4022-845D-21CA19220A5B}.Release|Any CPU.ActiveCfg = Release|Any CPU
		{8E9C064A-F857-4022-845D-21CA19220A5B}.Release|Any CPU.Build.0 = Release|Any CPU
		{8E9C064A-F857-4022-845D-21CA19220A5B}.Release|x64.ActiveCfg = Release|Any CPU
		{8E9C064A-F857-4022-845D-21CA19220A5B}.Release|x64.Build.0 = Release|Any CPU
		{8E9C064A-F857-4022-845D-21CA19220A5B}.Release|x86.ActiveCfg = Release|Any CPU
		{8E9C064A-F857-4022-845D-21CA19220A5B}.Release|x86.Build.0 = Release|Any CPU
		{0037F238-C930-48F4-9A05-0977F185D863}.Debug|Any CPU.ActiveCfg = Debug|Any CPU
		{0037F238-C930-48F4-9A05-0977F185D863}.Debug|Any CPU.Build.0 = Debug|Any CPU
		{0037F238-C930-48F4-9A05-0977F185D863}.Debug|x64.ActiveCfg = Debug|Any CPU
		{0037F238-C930-48F4-9A05-0977F185D863}.Debug|x64.Build.0 = Debug|Any CPU
		{0037F238-C930-48F4-9A05-0977F185D863}.Debug|x86.ActiveCfg = Debug|Any CPU
		{0037F238-C930-48F4-9A05-0977F185D863}.Debug|x86.Build.0 = Debug|Any CPU
		{0037F238-C930-48F4-9A05-0977F185D863}.Release|Any CPU.ActiveCfg = Release|Any CPU
		{0037F238-C930-48F4-9A05-0977F185D863}.Release|Any CPU.Build.0 = Release|Any CPU
		{0037F238-C930-48F4-9A05-0977F185D863}.Release|x64.ActiveCfg = Release|Any CPU
		{0037F238-C930-48F4-9A05-0977F185D863}.Release|x64.Build.0 = Release|Any CPU
		{0037F238-C930-48F4-9A05-0977F185D863}.Release|x86.ActiveCfg = Release|Any CPU
		{0037F238-C930-48F4-9A05-0977F185D863}.Release|x86.Build.0 = Release|Any CPU
	EndGlobalSection
	GlobalSection(NestedProjects) = preSolution
		{8E9C064A-F857-4022-845D-21CA19220A5B} = {6617A2EE-E829-4DE9-A6C2-1E93A25BA61F}
		{0037F238-C930-48F4-9A05-0977F185D863} = {569DEAD8-4A3E-4535-8672-FAAE3A70152B}
	EndGlobalSection
EndGlobal
